
Microsoft Visual Studio Solution File, Format Version 12.00
# Visual Studio Version 17
VisualStudioVersion = 17.5.33530.505
MinimumVisualStudioVersion = 10.0.40219.1
Project("{FAE04EC0-301F-11D3-BF4B-00C04F79EFBC}") = "NgoPhuongLinh_2122110486", "NgoPhuongLinh_2122110486\NgoPhuongLinh_2122110486.csproj", "{B95FA139-F0E2-4248-A356-F73085B9E9BE}"
EndProject
Global
	GlobalSection(SolutionConfigurationPlatforms) = preSolution
		Debug|Any CPU = Debug|Any CPU
		Release|Any CPU = Release|Any CPU
	EndGlobalSection
	GlobalSection(ProjectConfigurationPlatforms) = postSolution
		{B95FA139-F0E2-4248-A356-F73085B9E9BE}.Debug|Any CPU.ActiveCfg = Debug|Any CPU
		{B95FA139-F0E2-4248-A356-F73085B9E9BE}.Debug|Any CPU.Build.0 = Debug|Any CPU
		{B95FA139-F0E2-4248-A356-F73085B9E9BE}.Release|Any CPU.ActiveCfg = Release|Any CPU
		{B95FA139-F0E2-4248-A356-F73085B9E9BE}.Release|Any CPU.Build.0 = Release|Any CPU
	EndGlobalSection
	GlobalSection(SolutionProperties) = preSolution
		HideSolutionNode = FALSE
	EndGlobalSection
	GlobalSection(ExtensibilityGlobals) = postSolution
		SolutionGuid = {45DEFD3F-8E3C-4778-B22E-B2C3108C8270}
	EndGlobalSection
EndGlobal
